// !$*UTF8*$!
{
	archiveVersion = 1;
	classes = {
	};
	objectVersion = 50;
	objects = {

/* Begin PBXBuildFile section */
		11D4AB83261A74E80059650E /* AppDelegate.swift in Sources */ = {isa = PBXBuildFile; fileRef = 11D4AB82261A74E80059650E /* AppDelegate.swift */; };
		11D4AB85261A74E80059650E /* SceneDelegate.swift in Sources */ = {isa = PBXBuildFile; fileRef = 11D4AB84261A74E80059650E /* SceneDelegate.swift */; };
		11D4AB87261A74E80059650E /* ViewController.swift in Sources */ = {isa = PBXBuildFile; fileRef = 11D4AB86261A74E80059650E /* ViewController.swift */; };
		11D4AB8A261A74E80059650E /* Main.storyboard in Resources */ = {isa = PBXBuildFile; fileRef = 11D4AB88261A74E80059650E /* Main.storyboard */; };
		11D4AB8C261A74EA0059650E /* Assets.xcassets in Resources */ = {isa = PBXBuildFile; fileRef = 11D4AB8B261A74EA0059650E /* Assets.xcassets */; };
		11D4AB8F261A74EA0059650E /* LaunchScreen.storyboard in Resources */ = {isa = PBXBuildFile; fileRef = 11D4AB8D261A74EA0059650E /* LaunchScreen.storyboard */; };
		11D4AB9A261A74EB0059650E /* testSPMTests.swift in Sources */ = {isa = PBXBuildFile; fileRef = 11D4AB99261A74EB0059650E /* testSPMTests.swift */; };
		11D4ABA5261A74EB0059650E /* testSPMUITests.swift in Sources */ = {isa = PBXBuildFile; fileRef = 11D4ABA4261A74EB0059650E /* testSPMUITests.swift */; };
		21BB432663232C2FAE1F1843 /* Pods_testSPM_testSPMUITests.framework in Frameworks */ = {isa = PBXBuildFile; fileRef = 39DC93E4C5DA68ABB46B69F8 /* Pods_testSPM_testSPMUITests.framework */; };
		8FA365DC98BDEF806E492F31 /* Pods_testSPMTests.framework in Frameworks */ = {isa = PBXBuildFile; fileRef = 50A5B4B3940663E418AA789A /* Pods_testSPMTests.framework */; };
		A712CC45BA54D6234089FF48 /* Pods_testSPM.framework in Frameworks */ = {isa = PBXBuildFile; fileRef = 2BC531AB369D7CA68BF96C68 /* Pods_testSPM.framework */; };
/* End PBXBuildFile section */

/* Begin PBXContainerItemProxy section */
		11D4AB96261A74EB0059650E /* PBXContainerItemProxy */ = {
			isa = PBXContainerItemProxy;
			containerPortal = 11D4AB77261A74E80059650E /* Project object */;
			proxyType = 1;
			remoteGlobalIDString = 11D4AB7E261A74E80059650E;
			remoteInfo = testSPM;
		};
		11D4ABA1261A74EB0059650E /* PBXContainerItemProxy */ = {
			isa = PBXContainerItemProxy;
			containerPortal = 11D4AB77261A74E80059650E /* Project object */;
			proxyType = 1;
			remoteGlobalIDString = 11D4AB7E261A74E80059650E;
			remoteInfo = testSPM;
		};
/* End PBXContainerItemProxy section */

/* Begin PBXFileReference section */
		0E62BD21D504276B59FEDAD1 /* Pods-testSPMTests.release.xcconfig */ = {isa = PBXFileReference; includeInIndex = 1; lastKnownFileType = text.xcconfig; name = "Pods-testSPMTests.release.xcconfig"; path = "Target Support Files/Pods-testSPMTests/Pods-testSPMTests.release.xcconfig"; sourceTree = "<group>"; };
		112E943AB92A7ED3296DC6FA /* Pods-testSPM.release.xcconfig */ = {isa = PBXFileReference; includeInIndex = 1; lastKnownFileType = text.xcconfig; name = "Pods-testSPM.release.xcconfig"; path = "Target Support Files/Pods-testSPM/Pods-testSPM.release.xcconfig"; sourceTree = "<group>"; };
		11D4AB7F261A74E80059650E /* testSPM.app */ = {isa = PBXFileReference; explicitFileType = wrapper.application; includeInIndex = 0; path = testSPM.app; sourceTree = BUILT_PRODUCTS_DIR; };
		11D4AB82261A74E80059650E /* AppDelegate.swift */ = {isa = PBXFileReference; lastKnownFileType = sourcecode.swift; path = AppDelegate.swift; sourceTree = "<group>"; };
		11D4AB84261A74E80059650E /* SceneDelegate.swift */ = {isa = PBXFileReference; lastKnownFileType = sourcecode.swift; path = SceneDelegate.swift; sourceTree = "<group>"; };
		11D4AB86261A74E80059650E /* ViewController.swift */ = {isa = PBXFileReference; lastKnownFileType = sourcecode.swift; path = ViewController.swift; sourceTree = "<group>"; };
		11D4AB89261A74E80059650E /* Base */ = {isa = PBXFileReference; lastKnownFileType = file.storyboard; name = Base; path = Base.lproj/Main.storyboard; sourceTree = "<group>"; };
		11D4AB8B261A74EA0059650E /* Assets.xcassets */ = {isa = PBXFileReference; lastKnownFileType = folder.assetcatalog; path = Assets.xcassets; sourceTree = "<group>"; };
		11D4AB8E261A74EA0059650E /* Base */ = {isa = PBXFileReference; lastKnownFileType = file.storyboard; name = Base; path = Base.lproj/LaunchScreen.storyboard; sourceTree = "<group>"; };
		11D4AB90261A74EA0059650E /* Info.plist */ = {isa = PBXFileReference; lastKnownFileType = text.plist.xml; path = Info.plist; sourceTree = "<group>"; };
		11D4AB95261A74EB0059650E /* testSPMTests.xctest */ = {isa = PBXFileReference; explicitFileType = wrapper.cfbundle; includeInIndex = 0; path = testSPMTests.xctest; sourceTree = BUILT_PRODUCTS_DIR; };
		11D4AB99261A74EB0059650E /* testSPMTests.swift */ = {isa = PBXFileReference; lastKnownFileType = sourcecode.swift; path = testSPMTests.swift; sourceTree = "<group>"; };
		11D4AB9B261A74EB0059650E /* Info.plist */ = {isa = PBXFileReference; lastKnownFileType = text.plist.xml; path = Info.plist; sourceTree = "<group>"; };
		11D4ABA0261A74EB0059650E /* testSPMUITests.xctest */ = {isa = PBXFileReference; explicitFileType = wrapper.cfbundle; includeInIndex = 0; path = testSPMUITests.xctest; sourceTree = BUILT_PRODUCTS_DIR; };
		11D4ABA4261A74EB0059650E /* testSPMUITests.swift */ = {isa = PBXFileReference; lastKnownFileType = sourcecode.swift; path = testSPMUITests.swift; sourceTree = "<group>"; };
		11D4ABA6261A74EB0059650E /* Info.plist */ = {isa = PBXFileReference; lastKnownFileType = text.plist.xml; path = Info.plist; sourceTree = "<group>"; };
		12C128C33084089FDA071B8A /* Pods-testSPMTests.debug.xcconfig */ = {isa = PBXFileReference; includeInIndex = 1; lastKnownFileType = text.xcconfig; name = "Pods-testSPMTests.debug.xcconfig"; path = "Target Support Files/Pods-testSPMTests/Pods-testSPMTests.debug.xcconfig"; sourceTree = "<group>"; };
		27AA6A42C41CF92223D741B5 /* Pods-testSPM-testSPMUITests.release.xcconfig */ = {isa = PBXFileReference; includeInIndex = 1; lastKnownFileType = text.xcconfig; name = "Pods-testSPM-testSPMUITests.release.xcconfig"; path = "Target Support Files/Pods-testSPM-testSPMUITests/Pods-testSPM-testSPMUITests.release.xcconfig"; sourceTree = "<group>"; };
		2BC531AB369D7CA68BF96C68 /* Pods_testSPM.framework */ = {isa = PBXFileReference; explicitFileType = wrapper.framework; includeInIndex = 0; path = Pods_testSPM.framework; sourceTree = BUILT_PRODUCTS_DIR; };
		39DC93E4C5DA68ABB46B69F8 /* Pods_testSPM_testSPMUITests.framework */ = {isa = PBXFileReference; explicitFileType = wrapper.framework; includeInIndex = 0; path = Pods_testSPM_testSPMUITests.framework; sourceTree = BUILT_PRODUCTS_DIR; };
		50A5B4B3940663E418AA789A /* Pods_testSPMTests.framework */ = {isa = PBXFileReference; explicitFileType = wrapper.framework; includeInIndex = 0; path = Pods_testSPMTests.framework; sourceTree = BUILT_PRODUCTS_DIR; };
		74B32CA7CEC30DB1CF5A0D80 /* Pods-testSPM.debug.xcconfig */ = {isa = PBXFileReference; includeInIndex = 1; lastKnownFileType = text.xcconfig; name = "Pods-testSPM.debug.xcconfig"; path = "Target Support Files/Pods-testSPM/Pods-testSPM.debug.xcconfig"; sourceTree = "<group>"; };
		A0F8D1B695E9814CE9DC2D4A /* Pods-testSPM-testSPMUITests.debug.xcconfig */ = {isa = PBXFileReference; includeInIndex = 1; lastKnownFileType = text.xcconfig; name = "Pods-testSPM-testSPMUITests.debug.xcconfig"; path = "Target Support Files/Pods-testSPM-testSPMUITests/Pods-testSPM-testSPMUITests.debug.xcconfig"; sourceTree = "<group>"; };
/* End PBXFileReference section */

/* Begin PBXFrameworksBuildPhase section */
		11D4AB7C261A74E80059650E /* Frameworks */ = {
			isa = PBXFrameworksBuildPhase;
			buildActionMask = 2147483647;
			files = (
				A712CC45BA54D6234089FF48 /* Pods_testSPM.framework in Frameworks */,
			);
			runOnlyForDeploymentPostprocessing = 0;
		};
		11D4AB92261A74EB0059650E /* Frameworks */ = {
			isa = PBXFrameworksBuildPhase;
			buildActionMask = 2147483647;
			files = (
				8FA365DC98BDEF806E492F31 /* Pods_testSPMTests.framework in Frameworks */,
			);
			runOnlyForDeploymentPostprocessing = 0;
		};
		11D4AB9D261A74EB0059650E /* Frameworks */ = {
			isa = PBXFrameworksBuildPhase;
			buildActionMask = 2147483647;
			files = (
				21BB432663232C2FAE1F1843 /* Pods_testSPM_testSPMUITests.framework in Frameworks */,
			);
			runOnlyForDeploymentPostprocessing = 0;
		};
/* End PBXFrameworksBuildPhase section */

/* Begin PBXGroup section */
		0837A05FA9BBD0684F1CA954 /* Frameworks */ = {
			isa = PBXGroup;
			children = (
				2BC531AB369D7CA68BF96C68 /* Pods_testSPM.framework */,
				39DC93E4C5DA68ABB46B69F8 /* Pods_testSPM_testSPMUITests.framework */,
				50A5B4B3940663E418AA789A /* Pods_testSPMTests.framework */,
			);
			name = Frameworks;
			sourceTree = "<group>";
		};
		11D4AB76261A74E80059650E = {
			isa = PBXGroup;
			children = (
				11D4AB81261A74E80059650E /* testSPM */,
				11D4AB98261A74EB0059650E /* testSPMTests */,
				11D4ABA3261A74EB0059650E /* testSPMUITests */,
				11D4AB80261A74E80059650E /* Products */,
				CB1B7131191C922AD7C5844F /* Pods */,
				0837A05FA9BBD0684F1CA954 /* Frameworks */,
			);
			sourceTree = "<group>";
		};
		11D4AB80261A74E80059650E /* Products */ = {
			isa = PBXGroup;
			children = (
				11D4AB7F261A74E80059650E /* testSPM.app */,
				11D4AB95261A74EB0059650E /* testSPMTests.xctest */,
				11D4ABA0261A74EB0059650E /* testSPMUITests.xctest */,
			);
			name = Products;
			sourceTree = "<group>";
		};
		11D4AB81261A74E80059650E /* testSPM */ = {
			isa = PBXGroup;
			children = (
				11D4AB82261A74E80059650E /* AppDelegate.swift */,
				11D4AB84261A74E80059650E /* SceneDelegate.swift */,
				11D4AB86261A74E80059650E /* ViewController.swift */,
				11D4AB88261A74E80059650E /* Main.storyboard */,
				11D4AB8B261A74EA0059650E /* Assets.xcassets */,
				11D4AB8D261A74EA0059650E /* LaunchScreen.storyboard */,
				11D4AB90261A74EA0059650E /* Info.plist */,
			);
			path = testSPM;
			sourceTree = "<group>";
		};
		11D4AB98261A74EB0059650E /* testSPMTests */ = {
			isa = PBXGroup;
			children = (
				11D4AB99261A74EB0059650E /* testSPMTests.swift */,
				11D4AB9B261A74EB0059650E /* Info.plist */,
			);
			path = testSPMTests;
			sourceTree = "<group>";
		};
		11D4ABA3261A74EB0059650E /* testSPMUITests */ = {
			isa = PBXGroup;
			children = (
				11D4ABA4261A74EB0059650E /* testSPMUITests.swift */,
				11D4ABA6261A74EB0059650E /* Info.plist */,
			);
			path = testSPMUITests;
			sourceTree = "<group>";
		};
		CB1B7131191C922AD7C5844F /* Pods */ = {
			isa = PBXGroup;
			children = (
				74B32CA7CEC30DB1CF5A0D80 /* Pods-testSPM.debug.xcconfig */,
				112E943AB92A7ED3296DC6FA /* Pods-testSPM.release.xcconfig */,
				A0F8D1B695E9814CE9DC2D4A /* Pods-testSPM-testSPMUITests.debug.xcconfig */,
				27AA6A42C41CF92223D741B5 /* Pods-testSPM-testSPMUITests.release.xcconfig */,
				12C128C33084089FDA071B8A /* Pods-testSPMTests.debug.xcconfig */,
				0E62BD21D504276B59FEDAD1 /* Pods-testSPMTests.release.xcconfig */,
			);
			name = Pods;
			path = Pods;
			sourceTree = "<group>";
		};
/* End PBXGroup section */

/* Begin PBXNativeTarget section */
		11D4AB7E261A74E80059650E /* testSPM */ = {
			isa = PBXNativeTarget;
			buildConfigurationList = 11D4ABA9261A74EB0059650E /* Build configuration list for PBXNativeTarget "testSPM" */;
			buildPhases = (
				6CFF8126DA29C075D69570AB /* [CP] Check Pods Manifest.lock */,
				11D4AB7B261A74E80059650E /* Sources */,
				11D4AB7C261A74E80059650E /* Frameworks */,
				11D4AB7D261A74E80059650E /* Resources */,
			);
			buildRules = (
			);
			dependencies = (
			);
			name = testSPM;
			productName = testSPM;
			productReference = 11D4AB7F261A74E80059650E /* testSPM.app */;
			productType = "com.apple.product-type.application";
		};
		11D4AB94261A74EB0059650E /* testSPMTests */ = {
			isa = PBXNativeTarget;
			buildConfigurationList = 11D4ABAC261A74EB0059650E /* Build configuration list for PBXNativeTarget "testSPMTests" */;
			buildPhases = (
				7003B4D41C021AFEC2EB4CC2 /* [CP] Check Pods Manifest.lock */,
				11D4AB91261A74EB0059650E /* Sources */,
				11D4AB92261A74EB0059650E /* Frameworks */,
				11D4AB93261A74EB0059650E /* Resources */,
			);
			buildRules = (
			);
			dependencies = (
				11D4AB97261A74EB0059650E /* PBXTargetDependency */,
			);
			name = testSPMTests;
			productName = testSPMTests;
			productReference = 11D4AB95261A74EB0059650E /* testSPMTests.xctest */;
			productType = "com.apple.product-type.bundle.unit-test";
		};
		11D4AB9F261A74EB0059650E /* testSPMUITests */ = {
			isa = PBXNativeTarget;
			buildConfigurationList = 11D4ABAF261A74EB0059650E /* Build configuration list for PBXNativeTarget "testSPMUITests" */;
			buildPhases = (
				BCC5026A617BEA029048547F /* [CP] Check Pods Manifest.lock */,
				11D4AB9C261A74EB0059650E /* Sources */,
				11D4AB9D261A74EB0059650E /* Frameworks */,
				11D4AB9E261A74EB0059650E /* Resources */,
			);
			buildRules = (
			);
			dependencies = (
				11D4ABA2261A74EB0059650E /* PBXTargetDependency */,
			);
			name = testSPMUITests;
			productName = testSPMUITests;
			productReference = 11D4ABA0261A74EB0059650E /* testSPMUITests.xctest */;
			productType = "com.apple.product-type.bundle.ui-testing";
		};
/* End PBXNativeTarget section */

/* Begin PBXProject section */
		11D4AB77261A74E80059650E /* Project object */ = {
			isa = PBXProject;
			attributes = {
				LastSwiftUpdateCheck = 1240;
				LastUpgradeCheck = 1240;
				TargetAttributes = {
					11D4AB7E261A74E80059650E = {
						CreatedOnToolsVersion = 12.4;
					};
					11D4AB94261A74EB0059650E = {
						CreatedOnToolsVersion = 12.4;
						TestTargetID = 11D4AB7E261A74E80059650E;
					};
					11D4AB9F261A74EB0059650E = {
						CreatedOnToolsVersion = 12.4;
						TestTargetID = 11D4AB7E261A74E80059650E;
					};
				};
			};
			buildConfigurationList = 11D4AB7A261A74E80059650E /* Build configuration list for PBXProject "testSPM" */;
			compatibilityVersion = "Xcode 9.3";
			developmentRegion = en;
			hasScannedForEncodings = 0;
			knownRegions = (
				en,
				Base,
			);
			mainGroup = 11D4AB76261A74E80059650E;
			productRefGroup = 11D4AB80261A74E80059650E /* Products */;
			projectDirPath = "";
			projectRoot = "";
			targets = (
				11D4AB7E261A74E80059650E /* testSPM */,
				11D4AB94261A74EB0059650E /* testSPMTests */,
				11D4AB9F261A74EB0059650E /* testSPMUITests */,
			);
		};
/* End PBXProject section */

/* Begin PBXResourcesBuildPhase section */
		11D4AB7D261A74E80059650E /* Resources */ = {
			isa = PBXResourcesBuildPhase;
			buildActionMask = 2147483647;
			files = (
				11D4AB8F261A74EA0059650E /* LaunchScreen.storyboard in Resources */,
				11D4AB8C261A74EA0059650E /* Assets.xcassets in Resources */,
				11D4AB8A261A74E80059650E /* Main.storyboard in Resources */,
			);
			runOnlyForDeploymentPostprocessing = 0;
		};
		11D4AB93261A74EB0059650E /* Resources */ = {
			isa = PBXResourcesBuildPhase;
			buildActionMask = 2147483647;
			files = (
			);
			runOnlyForDeploymentPostprocessing = 0;
		};
		11D4AB9E261A74EB0059650E /* Resources */ = {
			isa = PBXResourcesBuildPhase;
			buildActionMask = 2147483647;
			files = (
			);
			runOnlyForDeploymentPostprocessing = 0;
		};
/* End PBXResourcesBuildPhase section */

/* Begin PBXShellScriptBuildPhase section */
		6CFF8126DA29C075D69570AB /* [CP] Check Pods Manifest.lock */ = {
			isa = PBXShellScriptBuildPhase;
			buildActionMask = 2147483647;
			files = (
			);
			inputFileListPaths = (
			);
			inputPaths = (
				"${PODS_PODFILE_DIR_PATH}/Podfile.lock",
				"${PODS_ROOT}/Manifest.lock",
			);
			name = "[CP] Check Pods Manifest.lock";
			outputFileListPaths = (
			);
			outputPaths = (
				"$(DERIVED_FILE_DIR)/Pods-testSPM-checkManifestLockResult.txt",
			);
			runOnlyForDeploymentPostprocessing = 0;
			shellPath = /bin/sh;
			shellScript = "diff \"${PODS_PODFILE_DIR_PATH}/Podfile.lock\" \"${PODS_ROOT}/Manifest.lock\" > /dev/null\nif [ $? != 0 ] ; then\n    # print error to STDERR\n    echo \"error: The sandbox is not in sync with the Podfile.lock. Run 'pod install' or update your CocoaPods installation.\" >&2\n    exit 1\nfi\n# This output is used by Xcode 'outputs' to avoid re-running this script phase.\necho \"SUCCESS\" > \"${SCRIPT_OUTPUT_FILE_0}\"\n";
			showEnvVarsInLog = 0;
		};
		7003B4D41C021AFEC2EB4CC2 /* [CP] Check Pods Manifest.lock */ = {
			isa = PBXShellScriptBuildPhase;
			buildActionMask = 2147483647;
			files = (
			);
			inputFileListPaths = (
			);
			inputPaths = (
				"${PODS_PODFILE_DIR_PATH}/Podfile.lock",
				"${PODS_ROOT}/Manifest.lock",
			);
			name = "[CP] Check Pods Manifest.lock";
			outputFileListPaths = (
			);
			outputPaths = (
				"$(DERIVED_FILE_DIR)/Pods-testSPMTests-checkManifestLockResult.txt",
			);
			runOnlyForDeploymentPostprocessing = 0;
			shellPath = /bin/sh;
			shellScript = "diff \"${PODS_PODFILE_DIR_PATH}/Podfile.lock\" \"${PODS_ROOT}/Manifest.lock\" > /dev/null\nif [ $? != 0 ] ; then\n    # print error to STDERR\n    echo \"error: The sandbox is not in sync with the Podfile.lock. Run 'pod install' or update your CocoaPods installation.\" >&2\n    exit 1\nfi\n# This output is used by Xcode 'outputs' to avoid re-running this script phase.\necho \"SUCCESS\" > \"${SCRIPT_OUTPUT_FILE_0}\"\n";
			showEnvVarsInLog = 0;
		};
		BCC5026A617BEA029048547F /* [CP] Check Pods Manifest.lock */ = {
			isa = PBXShellScriptBuildPhase;
			buildActionMask = 2147483647;
			files = (
			);
			inputFileListPaths = (
			);
			inputPaths = (
				"${PODS_PODFILE_DIR_PATH}/Podfile.lock",
				"${PODS_ROOT}/Manifest.lock",
			);
			name = "[CP] Check Pods Manifest.lock";
			outputFileListPaths = (
			);
			outputPaths = (
				"$(DERIVED_FILE_DIR)/Pods-testSPM-testSPMUITests-checkManifestLockResult.txt",
			);
			runOnlyForDeploymentPostprocessing = 0;
			shellPath = /bin/sh;
			shellScript = "diff \"${PODS_PODFILE_DIR_PATH}/Podfile.lock\" \"${PODS_ROOT}/Manifest.lock\" > /dev/null\nif [ $? != 0 ] ; then\n    # print error to STDERR\n    echo \"error: The sandbox is not in sync with the Podfile.lock. Run 'pod install' or update your CocoaPods installation.\" >&2\n    exit 1\nfi\n# This output is used by Xcode 'outputs' to avoid re-running this script phase.\necho \"SUCCESS\" > \"${SCRIPT_OUTPUT_FILE_0}\"\n";
			showEnvVarsInLog = 0;
		};
/* End PBXShellScriptBuildPhase section */

/* Begin PBXSourcesBuildPhase section */
		11D4AB7B261A74E80059650E /* Sources */ = {
			isa = PBXSourcesBuildPhase;
			buildActionMask = 2147483647;
			files = (
				11D4AB87261A74E80059650E /* ViewController.swift in Sources */,
				11D4AB83261A74E80059650E /* AppDelegate.swift in Sources */,
				11D4AB85261A74E80059650E /* SceneDelegate.swift in Sources */,
			);
			runOnlyForDeploymentPostprocessing = 0;
		};
		11D4AB91261A74EB0059650E /* Sources */ = {
			isa = PBXSourcesBuildPhase;
			buildActionMask = 2147483647;
			files = (
				11D4AB9A261A74EB0059650E /* testSPMTests.swift in Sources */,
			);
			runOnlyForDeploymentPostprocessing = 0;
		};
		11D4AB9C261A74EB0059650E /* Sources */ = {
			isa = PBXSourcesBuildPhase;
			buildActionMask = 2147483647;
			files = (
				11D4ABA5261A74EB0059650E /* testSPMUITests.swift in Sources */,
			);
			runOnlyForDeploymentPostprocessing = 0;
		};
/* End PBXSourcesBuildPhase section */

/* Begin PBXTargetDependency section */
		11D4AB97261A74EB0059650E /* PBXTargetDependency */ = {
			isa = PBXTargetDependency;
			target = 11D4AB7E261A74E80059650E /* testSPM */;
			targetProxy = 11D4AB96261A74EB0059650E /* PBXContainerItemProxy */;
		};
		11D4ABA2261A74EB0059650E /* PBXTargetDependency */ = {
			isa = PBXTargetDependency;
			target = 11D4AB7E261A74E80059650E /* testSPM */;
			targetProxy = 11D4ABA1261A74EB0059650E /* PBXContainerItemProxy */;
		};
/* End PBXTargetDependency section */

/* Begin PBXVariantGroup section */
		11D4AB88261A74E80059650E /* Main.storyboard */ = {
			isa = PBXVariantGroup;
			children = (
				11D4AB89261A74E80059650E /* Base */,
			);
			name = Main.storyboard;
			sourceTree = "<group>";
		};
		11D4AB8D261A74EA0059650E /* LaunchScreen.storyboard */ = {
			isa = PBXVariantGroup;
			children = (
				11D4AB8E261A74EA0059650E /* Base */,
			);
			name = LaunchScreen.storyboard;
			sourceTree = "<group>";
		};
/* End PBXVariantGroup section */

/* Begin XCBuildConfiguration section */
		11D4ABA7261A74EB0059650E /* Debug */ = {
			isa = XCBuildConfiguration;
			buildSettings = {
				ALWAYS_SEARCH_USER_PATHS = NO;
				CLANG_ANALYZER_NONNULL = YES;
				CLANG_ANALYZER_NUMBER_OBJECT_CONVERSION = YES_AGGRESSIVE;
				CLANG_CXX_LANGUAGE_STANDARD = "gnu++14";
				CLANG_CXX_LIBRARY = "libc++";
				CLANG_ENABLE_MODULES = YES;
				CLANG_ENABLE_OBJC_ARC = YES;
				CLANG_ENABLE_OBJC_WEAK = YES;
				CLANG_WARN_BLOCK_CAPTURE_AUTORELEASING = YES;
				CLANG_WARN_BOOL_CONVERSION = YES;
				CLANG_WARN_COMMA = YES;
				CLANG_WARN_CONSTANT_CONVERSION = YES;
				CLANG_WARN_DEPRECATED_OBJC_IMPLEMENTATIONS = YES;
				CLANG_WARN_DIRECT_OBJC_ISA_USAGE = YES_ERROR;
				CLANG_WARN_DOCUMENTATION_COMMENTS = YES;
				CLANG_WARN_EMPTY_BODY = YES;
				CLANG_WARN_ENUM_CONVERSION = YES;
				CLANG_WARN_INFINITE_RECURSION = YES;
				CLANG_WARN_INT_CONVERSION = YES;
				CLANG_WARN_NON_LITERAL_NULL_CONVERSION = YES;
				CLANG_WARN_OBJC_IMPLICIT_RETAIN_SELF = YES;
				CLANG_WARN_OBJC_LITERAL_CONVERSION = YES;
				CLANG_WARN_OBJC_ROOT_CLASS = YES_ERROR;
				CLANG_WARN_QUOTED_INCLUDE_IN_FRAMEWORK_HEADER = YES;
				CLANG_WARN_RANGE_LOOP_ANALYSIS = YES;
				CLANG_WARN_STRICT_PROTOTYPES = YES;
				CLANG_WARN_SUSPICIOUS_MOVE = YES;
				CLANG_WARN_UNGUARDED_AVAILABILITY = YES_AGGRESSIVE;
				CLANG_WARN_UNREACHABLE_CODE = YES;
				CLANG_WARN__DUPLICATE_METHOD_MATCH = YES;
				COPY_PHASE_STRIP = NO;
				DEBUG_INFORMATION_FORMAT = dwarf;
				ENABLE_STRICT_OBJC_MSGSEND = YES;
				ENABLE_TESTABILITY = YES;
				GCC_C_LANGUAGE_STANDARD = gnu11;
				GCC_DYNAMIC_NO_PIC = NO;
				GCC_NO_COMMON_BLOCKS = YES;
				GCC_OPTIMIZATION_LEVEL = 0;
				GCC_PREPROCESSOR_DEFINITIONS = (
					"DEBUG=1",
					"$(inherited)",
				);
				GCC_WARN_64_TO_32_BIT_CONVERSION = YES;
				GCC_WARN_ABOUT_RETURN_TYPE = YES_ERROR;
				GCC_WARN_UNDECLARED_SELECTOR = YES;
				GCC_WARN_UNINITIALIZED_AUTOS = YES_AGGRESSIVE;
				GCC_WARN_UNUSED_FUNCTION = YES;
				GCC_WARN_UNUSED_VARIABLE = YES;
				IPHONEOS_DEPLOYMENT_TARGET = 14.4;
				MTL_ENABLE_DEBUG_INFO = INCLUDE_SOURCE;
				MTL_FAST_MATH = YES;
				ONLY_ACTIVE_ARCH = YES;
				SDKROOT = iphoneos;
				SWIFT_ACTIVE_COMPILATION_CONDITIONS = DEBUG;
				SWIFT_OPTIMIZATION_LEVEL = "-Onone";
			};
			name = Debug;
		};
		11D4ABA8261A74EB0059650E /* Release */ = {
			isa = XCBuildConfiguration;
			buildSettings = {
				ALWAYS_SEARCH_USER_PATHS = NO;
				CLANG_ANALYZER_NONNULL = YES;
				CLANG_ANALYZER_NUMBER_OBJECT_CONVERSION = YES_AGGRESSIVE;
				CLANG_CXX_LANGUAGE_STANDARD = "gnu++14";
				CLANG_CXX_LIBRARY = "libc++";
				CLANG_ENABLE_MODULES = YES;
				CLANG_ENABLE_OBJC_ARC = YES;
				CLANG_ENABLE_OBJC_WEAK = YES;
				CLANG_WARN_BLOCK_CAPTURE_AUTORELEASING = YES;
				CLANG_WARN_BOOL_CONVERSION = YES;
				CLANG_WARN_COMMA = YES;
				CLANG_WARN_CONSTANT_CONVERSION = YES;
				CLANG_WARN_DEPRECATED_OBJC_IMPLEMENTATIONS = YES;
				CLANG_WARN_DIRECT_OBJC_ISA_USAGE = YES_ERROR;
				CLANG_WARN_DOCUMENTATION_COMMENTS = YES;
				CLANG_WARN_EMPTY_BODY = YES;
				CLANG_WARN_ENUM_CONVERSION = YES;
				CLANG_WARN_INFINITE_RECURSION = YES;
				CLANG_WARN_INT_CONVERSION = YES;
				CLANG_WARN_NON_LITERAL_NULL_CONVERSION = YES;
				CLANG_WARN_OBJC_IMPLICIT_RETAIN_SELF = YES;
				CLANG_WARN_OBJC_LITERAL_CONVERSION = YES;
				CLANG_WARN_OBJC_ROOT_CLASS = YES_ERROR;
				CLANG_WARN_QUOTED_INCLUDE_IN_FRAMEWORK_HEADER = YES;
				CLANG_WARN_RANGE_LOOP_ANALYSIS = YES;
				CLANG_WARN_STRICT_PROTOTYPES = YES;
				CLANG_WARN_SUSPICIOUS_MOVE = YES;
				CLANG_WARN_UNGUARDED_AVAILABILITY = YES_AGGRESSIVE;
				CLANG_WARN_UNREACHABLE_CODE = YES;
				CLANG_WARN__DUPLICATE_METHOD_MATCH = YES;
				COPY_PHASE_STRIP = NO;
				DEBUG_INFORMATION_FORMAT = "dwarf-with-dsym";
				ENABLE_NS_ASSERTIONS = NO;
				ENABLE_STRICT_OBJC_MSGSEND = YES;
				GCC_C_LANGUAGE_STANDARD = gnu11;
				GCC_NO_COMMON_BLOCKS = YES;
				GCC_WARN_64_TO_32_BIT_CONVERSION = YES;
				GCC_WARN_ABOUT_RETURN_TYPE = YES_ERROR;
				GCC_WARN_UNDECLARED_SELECTOR = YES;
				GCC_WARN_UNINITIALIZED_AUTOS = YES_AGGRESSIVE;
				GCC_WARN_UNUSED_FUNCTION = YES;
				GCC_WARN_UNUSED_VARIABLE = YES;
				IPHONEOS_DEPLOYMENT_TARGET = 14.4;
				MTL_ENABLE_DEBUG_INFO = NO;
				MTL_FAST_MATH = YES;
				SDKROOT = iphoneos;
				SWIFT_COMPILATION_MODE = wholemodule;
				SWIFT_OPTIMIZATION_LEVEL = "-O";
				VALIDATE_PRODUCT = YES;
			};
			name = Release;
		};
		11D4ABAA261A74EB0059650E /* Debug */ = {
			isa = XCBuildConfiguration;
			baseConfigurationReference = 74B32CA7CEC30DB1CF5A0D80 /* Pods-testSPM.debug.xcconfig */;
			buildSettings = {
				ASSETCATALOG_COMPILER_APPICON_NAME = AppIcon;
				ASSETCATALOG_COMPILER_GLOBAL_ACCENT_COLOR_NAME = AccentColor;
				CODE_SIGN_STYLE = Automatic;
				INFOPLIST_FILE = testSPM/Info.plist;
				LD_RUNPATH_SEARCH_PATHS = (
					"$(inherited)",
					"@executable_path/Frameworks",
				);
				PRODUCT_BUNDLE_IDENTIFIER = com.felix.f.testSPM;
				PRODUCT_NAME = "$(TARGET_NAME)";
				SWIFT_VERSION = 5.0;
				TARGETED_DEVICE_FAMILY = "1,2";
			};
			name = Debug;
		};
		11D4ABAB261A74EB0059650E /* Release */ = {
			isa = XCBuildConfiguration;
			baseConfigurationReference = 112E943AB92A7ED3296DC6FA /* Pods-testSPM.release.xcconfig */;
			buildSettings = {
				ASSETCATALOG_COMPILER_APPICON_NAME = AppIcon;
				ASSETCATALOG_COMPILER_GLOBAL_ACCENT_COLOR_NAME = AccentColor;
				CODE_SIGN_STYLE = Automatic;
				INFOPLIST_FILE = testSPM/Info.plist;
				LD_RUNPATH_SEARCH_PATHS = (
					"$(inherited)",
					"@executable_path/Frameworks",
				);
				PRODUCT_BUNDLE_IDENTIFIER = com.felix.f.testSPM;
				PRODUCT_NAME = "$(TARGET_NAME)";
				SWIFT_VERSION = 5.0;
				TARGETED_DEVICE_FAMILY = "1,2";
			};
			name = Release;
		};
		11D4ABAD261A74EB0059650E /* Debug */ = {
			isa = XCBuildConfiguration;
			baseConfigurationReference = 12C128C33084089FDA071B8A /* Pods-testSPMTests.debug.xcconfig */;
			buildSettings = {
				ALWAYS_EMBED_SWIFT_STANDARD_LIBRARIES = YES;
				BUNDLE_LOADER = "$(TEST_HOST)";
				CODE_SIGN_STYLE = Automatic;
				INFOPLIST_FILE = testSPMTests/Info.plist;
				IPHONEOS_DEPLOYMENT_TARGET = 14.4;
				LD_RUNPATH_SEARCH_PATHS = (
					"$(inherited)",
					"@executable_path/Frameworks",
					"@loader_path/Frameworks",
				);
				PRODUCT_BUNDLE_IDENTIFIER = com.felix.f.testSPMTests;
				PRODUCT_NAME = "$(TARGET_NAME)";
				SWIFT_VERSION = 5.0;
				TARGETED_DEVICE_FAMILY = "1,2";
				TEST_HOST = "$(BUILT_PRODUCTS_DIR)/testSPM.app/testSPM";
			};
			name = Debug;
		};
		11D4ABAE261A74EB0059650E /* Release */ = {
			isa = XCBuildConfiguration;
			baseConfigurationReference = 0E62BD21D504276B59FEDAD1 /* Pods-testSPMTests.release.xcconfig */;
			buildSettings = {
				ALWAYS_EMBED_SWIFT_STANDARD_LIBRARIES = YES;
				BUNDLE_LOADER = "$(TEST_HOST)";
				CODE_SIGN_STYLE = Automatic;
				INFOPLIST_FILE = testSPMTests/Info.plist;
				IPHONEOS_DEPLOYMENT_TARGET = 14.4;
				LD_RUNPATH_SEARCH_PATHS = (
					"$(inherited)",
					"@executable_path/Frameworks",
					"@loader_path/Frameworks",
				);
				PRODUCT_BUNDLE_IDENTIFIER = com.felix.f.testSPMTests;
				PRODUCT_NAME = "$(TARGET_NAME)";
				SWIFT_VERSION = 5.0;
				TARGETED_DEVICE_FAMILY = "1,2";
				TEST_HOST = "$(BUILT_PRODUCTS_DIR)/testSPM.app/testSPM";
			};
			name = Release;
		};
		11D4ABB0261A74EB0059650E /* Debug */ = {
			isa = XCBuildConfiguration;
			baseConfigurationReference = A0F8D1B695E9814CE9DC2D4A /* Pods-testSPM-testSPMUITests.debug.xcconfig */;
			buildSettings = {
				ALWAYS_EMBED_SWIFT_STANDARD_LIBRARIES = YES;
				CODE_SIGN_STYLE = Automatic;
				INFOPLIST_FILE = testSPMUITests/Info.plist;
				LD_RUNPATH_SEARCH_PATHS = (
					"$(inherited)",
					"@executable_path/Frameworks",
					"@loader_path/Frameworks",
				);
				PRODUCT_BUNDLE_IDENTIFIER = com.felix.f.testSPMUITests;
				PRODUCT_NAME = "$(TARGET_NAME)";
				SWIFT_VERSION = 5.0;
				TARGETED_DEVICE_FAMILY = "1,2";
				TEST_TARGET_NAME = testSPM;
			};
			name = Debug;
		};
		11D4ABB1261A74EB0059650E /* Release */ = {
			isa = XCBuildConfiguration;
			baseConfigurationReference = 27AA6A42C41CF92223D741B5 /* Pods-testSPM-testSPMUITests.release.xcconfig */;
			buildSettings = {
				ALWAYS_EMBED_SWIFT_STANDARD_LIBRARIES = YES;
				CODE_SIGN_STYLE = Automatic;
				INFOPLIST_FILE = testSPMUITests/Info.plist;
				LD_RUNPATH_SEARCH_PATHS = (
					"$(inherited)",
					"@executable_path/Frameworks",
					"@loader_path/Frameworks",
				);
				PRODUCT_BUNDLE_IDENTIFIER = com.felix.f.testSPMUITests;
				PRODUCT_NAME = "$(TARGET_NAME)";
				SWIFT_VERSION = 5.0;
				TARGETED_DEVICE_FAMILY = "1,2";
				TEST_TARGET_NAME = testSPM;
			};
			name = Release;
		};
/* End XCBuildConfiguration section */

/* Begin XCConfigurationList section */
		11D4AB7A261A74E80059650E /* Build configuration list for PBXProject "testSPM" */ = {
			isa = XCConfigurationList;
			buildConfigurations = (
				11D4ABA7261A74EB0059650E /* Debug */,
				11D4ABA8261A74EB0059650E /* Release */,
			);
			defaultConfigurationIsVisible = 0;
			defaultConfigurationName = Release;
		};
		11D4ABA9261A74EB0059650E /* Build configuration list for PBXNativeTarget "testSPM" */ = {
			isa = XCConfigurationList;
			buildConfigurations = (
				11D4ABAA261A74EB0059650E /* Debug */,
				11D4ABAB261A74EB0059650E /* Release */,
			);
			defaultConfigurationIsVisible = 0;
			defaultConfigurationName = Release;
		};
		11D4ABAC261A74EB0059650E /* Build configuration list for PBXNativeTarget "testSPMTests" */ = {
			isa = XCConfigurationList;
			buildConfigurations = (
				11D4ABAD261A74EB0059650E /* Debug */,
				11D4ABAE261A74EB0059650E /* Release */,
			);
			defaultConfigurationIsVisible = 0;
			defaultConfigurationName = Release;
		};
		11D4ABAF261A74EB0059650E /* Build configuration list for PBXNativeTarget "testSPMUITests" */ = {
			isa = XCConfigurationList;
			buildConfigurations = (
				11D4ABB0261A74EB0059650E /* Debug */,
				11D4ABB1261A74EB0059650E /* Release */,
			);
			defaultConfigurationIsVisible = 0;
			defaultConfigurationName = Release;
		};
/* End XCConfigurationList section */
	};
	rootObject = 11D4AB77261A74E80059650E /* Project object */;
}
